<?xml version="1.0" encoding="utf-8"?>
<Project ToolsVersion="4.0" xmlns="http://schemas.microsoft.com/developer/msbuild/2003">
  <ItemGroup>
    <Filter Include="Source Files">
      <UniqueIdentifier>{4FC737F1-C7A5-4376-A066-2A32D752A2FF}</UniqueIdentifier>
      <Extensions>cpp;c;cc;cxx;def;odl;idl;hpj;bat;asm;asmx</Extensions>
    </Filter>
    <Filter Include="Header Files">
      <UniqueIdentifier>{93995380-89BD-4b04-88EB-625FBE52EBFB}</UniqueIdentifier>
      <Extensions>h;hh;hpp;hxx;hm;inl;inc;ipp;xsd</Extensions>
    </Filter>
    <Filter Include="Resource Files">
      <UniqueIdentifier>{67DA6AB6-F800-4c08-8B7A-83BB121AAD01}</UniqueIdentifier>
      <Extensions>rc;ico;cur;bmp;dlg;rc2;rct;bin;rgs;gif;jpg;jpeg;jpe;resx;tiff;tif;png;wav;mfcribbon-ms</Extensions>
    </Filter>
    <Filter Include="Amazon">
      <UniqueIdentifier>{3020e6b0-ffe7-459a-93e7-1d78827bb465}</UniqueIdentifier>
    </Filter>
    <Filter Include="Amazon\Zombies">
      <UniqueIdentifier>{af361a68-27ac-4c13-b209-7f79b3cd2a43}</UniqueIdentifier>
    </Filter>
    <Filter Include="Amazon\SearchSuggestion">
      <UniqueIdentifier>{c8282a17-49cd-4826-b4bf-355efd27ecab}</UniqueIdentifier>
    </Filter>
    <Filter Include="Amazon\Cities">
      <UniqueIdentifier>{97434e37-98a5-46b7-9429-fe6d5f2f1339}</UniqueIdentifier>
    </Filter>
    <Filter Include="Amazon\TwoSum">
      <UniqueIdentifier>{aa8b0273-c77d-4549-a080-ca57752d6d2d}</UniqueIdentifier>
    </Filter>
    <Filter Include="Amazon\MaxAverageSubtree">
      <UniqueIdentifier>{5b6e6c4f-e640-4740-be9b-7c82318de209}</UniqueIdentifier>
    </Filter>
  </ItemGroup>
  <ItemGroup>
    <ClCompile Include="main.cpp">
      <Filter>Source Files</Filter>
    </ClCompile>
    <ClCompile Include="Amazon\Zombies\Zombies.cpp">
      <Filter>Amazon\Zombies</Filter>
    </ClCompile>
    <ClCompile Include="Amazon\SearchSuggestion\Suggestion.cpp">
      <Filter>Amazon\SearchSuggestion</Filter>
    </ClCompile>
    <ClCompile Include="Amazon\Cities\Cities.cpp">
      <Filter>Amazon\Cities</Filter>
    </ClCompile>
    <ClCompile Include="Amazon\TwoSum\TwoSum.cpp">
      <Filter>Amazon\TwoSum</Filter>
    </ClCompile>
    <ClCompile Include="Amazon\MaxAverageSubtree\MaxAverageSubtree.cpp">
      <Filter>Amazon\MaxAverageSubtree</Filter>
    </ClCompile>
  </ItemGroup>
  <ItemGroup>
    <ClInclude Include="Amazon\Zombies\Zombies.h">
      <Filter>Amazon\Zombies</Filter>
    </ClInclude>
    <ClInclude Include="Amazon\SearchSuggestion\Suggestion.h">
      <Filter>Amazon\SearchSuggestion</Filter>
    </ClInclude>
    <ClInclude Include="Amazon\Cities\Cities.h">
      <Filter>Amazon\Cities</Filter>
    </ClInclude>
    <ClInclude Include="Amazon\TwoSum\TwoSum.h">
      <Filter>Amazon\TwoSum</Filter>
    </ClInclude>
    <ClInclude Include="Amazon\MaxAverageSubtree\MaxAverageSubtree.h">
      <Filter>Amazon\MaxAverageSubtree</Filter>
    </ClInclude>
  </ItemGroup>
</Project>