<?xml version="1.0" encoding="utf-8"?>
<Project ToolsVersion="4.0" xmlns="http://schemas.microsoft.com/developer/msbuild/2003">
  <ItemGroup>
    <Filter Include="Source Files">
      <UniqueIdentifier>{4FC737F1-C7A5-4376-A066-2A32D752A2FF}</UniqueIdentifier>
      <Extensions>cpp;c;cc;cxx;def;odl;idl;hpj;bat;asm;asmx</Extensions>
    </Filter>
    <Filter Include="Amazon">
      <UniqueIdentifier>{3020e6b0-ffe7-459a-93e7-1d78827bb465}</UniqueIdentifier>
    </Filter>
    <Filter Include="Amazon\Zombies">
      <UniqueIdentifier>{af361a68-27ac-4c13-b209-7f79b3cd2a43}</UniqueIdentifier>
    </Filter>
    <Filter Include="Amazon\SearchSuggestion">
      <UniqueIdentifier>{c8282a17-49cd-4826-b4bf-355efd27ecab}</UniqueIdentifier>
    </Filter>
    <Filter Include="Amazon\Cities">
      <UniqueIdentifier>{97434e37-98a5-46b7-9429-fe6d5f2f1339}</UniqueIdentifier>
    </Filter>
    <Filter Include="Amazon\TwoSum">
      <UniqueIdentifier>{aa8b0273-c77d-4549-a080-ca57752d6d2d}</UniqueIdentifier>
    </Filter>
    <Filter Include="Amazon\MaxAverageSubtree">
      <UniqueIdentifier>{5b6e6c4f-e640-4740-be9b-7c82318de209}</UniqueIdentifier>
    </Filter>
    <Filter Include="Amazon\RepairEdges">
      <UniqueIdentifier>{76b52c26-6032-4ccd-80f2-260e66a0dedc}</UniqueIdentifier>
    </Filter>
    <Filter Include="DataStructures">
      <UniqueIdentifier>{9b9b2d0e-45f8-4c92-b46e-693014c7771d}</UniqueIdentifier>
    </Filter>
    <Filter Include="DataStructures\Graph">
      <UniqueIdentifier>{58371e4d-935e-4cc8-ad77-ae7b89683ea8}</UniqueIdentifier>
    </Filter>
    <Filter Include="DataStructures\Tree">
      <UniqueIdentifier>{6517d0cb-29b5-4f8f-bee1-dd2e13a2907d}</UniqueIdentifier>
    </Filter>
    <Filter Include="DataStructures\Trie">
      <UniqueIdentifier>{c2d23be5-67ca-433a-b8ac-3626d82678e5}</UniqueIdentifier>
    </Filter>
    <Filter Include="Amazon\Spiral">
      <UniqueIdentifier>{4520d0b1-e5da-48d6-9816-5b14457748d5}</UniqueIdentifier>
    </Filter>
    <Filter Include="Amazon\LongestPalindrome">
      <UniqueIdentifier>{dcac2da9-aca6-43e5-9cd8-585e2c201336}</UniqueIdentifier>
    </Filter>
    <Filter Include="Amazon\MaxMinPath">
      <UniqueIdentifier>{89d06095-e590-4ba0-a23a-53414e9f5e79}</UniqueIdentifier>
    </Filter>
    <Filter Include="Amazon\Search2D">
      <UniqueIdentifier>{914a6f42-391c-4b0c-b5f9-10ca6a430f7b}</UniqueIdentifier>
    </Filter>
    <Filter Include="Amazon\TopBuzzwords">
      <UniqueIdentifier>{0ef1de1e-32f5-4e70-bc36-dc5160dba4ea}</UniqueIdentifier>
    </Filter>
    <Filter Include="Amazon\KClosestOrigin">
      <UniqueIdentifier>{8f8efbb0-108b-4452-9e23-9e315f2535dc}</UniqueIdentifier>
    </Filter>
    <Filter Include="DataStructures\LinkedList">
      <UniqueIdentifier>{211c80a5-787d-498f-8183-f9a405ddca58}</UniqueIdentifier>
    </Filter>
    <Filter Include="Amazon\MergeLists">
      <UniqueIdentifier>{4b9ca354-ecd9-4978-b633-ac0a7f35946f}</UniqueIdentifier>
    </Filter>
    <Filter Include="Amazon\CriticalConnections">
      <UniqueIdentifier>{edd393b0-3c20-47c4-b709-ac0f04851e62}</UniqueIdentifier>
    </Filter>
    <Filter Include="Amazon\MergeFiles">
      <UniqueIdentifier>{4414b267-8acc-450a-889e-32ea78f3b4fd}</UniqueIdentifier>
    </Filter>
    <Filter Include="Amazon\TreasureIsland">
      <UniqueIdentifier>{26340da6-d535-4ea9-b2b5-429ea7da556f}</UniqueIdentifier>
    </Filter>
  </ItemGroup>
  <ItemGroup>
    <ClCompile Include="main.cpp">
      <Filter>Source Files</Filter>
    </ClCompile>
    <ClCompile Include="Amazon\Zombies\Zombies.cpp">
      <Filter>Amazon\Zombies</Filter>
    </ClCompile>
    <ClCompile Include="Amazon\SearchSuggestion\Suggestion.cpp">
      <Filter>Amazon\SearchSuggestion</Filter>
    </ClCompile>
    <ClCompile Include="Amazon\Cities\Cities.cpp">
      <Filter>Amazon\Cities</Filter>
    </ClCompile>
    <ClCompile Include="Amazon\TwoSum\TwoSum.cpp">
      <Filter>Amazon\TwoSum</Filter>
    </ClCompile>
    <ClCompile Include="Amazon\MaxAverageSubtree\MaxAverageSubtree.cpp">
      <Filter>Amazon\MaxAverageSubtree</Filter>
    </ClCompile>
    <ClCompile Include="Amazon\RepairEdges\RepairEdges.cpp">
      <Filter>Amazon\RepairEdges</Filter>
    </ClCompile>
    <ClCompile Include="DataStructures\Graph\Graph.cpp">
      <Filter>DataStructures\Graph</Filter>
    </ClCompile>
    <ClCompile Include="DataStructures\Trie\Trie.cpp">
      <Filter>DataStructures\Trie</Filter>
    </ClCompile>
    <ClCompile Include="DataStructures\Tree\Tree.cpp">
      <Filter>DataStructures\Tree</Filter>
    </ClCompile>
    <ClCompile Include="Amazon\Spiral\Spiral.cpp">
      <Filter>Amazon\Spiral</Filter>
    </ClCompile>
    <ClCompile Include="Amazon\LongestPalindrome\LongestPalindrome.cpp">
      <Filter>Amazon\LongestPalindrome</Filter>
    </ClCompile>
    <ClCompile Include="Amazon\MaxMinPath\MaxMinPath.cpp">
      <Filter>Amazon\MaxMinPath</Filter>
    </ClCompile>
    <ClCompile Include="Amazon\Search2D\Search2D.cpp">
      <Filter>Amazon\Search2D</Filter>
    </ClCompile>
    <ClCompile Include="Amazon\TopBuzzwords\TopBuzzwords.cpp">
      <Filter>Amazon\TopBuzzwords</Filter>
    </ClCompile>
    <ClCompile Include="Amazon\KClosestOrigin\KClosestOrigin.cpp">
      <Filter>Amazon\KClosestOrigin</Filter>
    </ClCompile>
    <ClCompile Include="DataStructures\LinkedList\LinkedList.cpp">
      <Filter>DataStructures\LinkedList</Filter>
    </ClCompile>
    <ClCompile Include="Amazon\MergeLists\MergeLists.cpp">
      <Filter>Amazon\MergeLists</Filter>
    </ClCompile>
    <ClCompile Include="Amazon\CriticalConnections\CriticalConnections.cpp">
      <Filter>Amazon\CriticalConnections</Filter>
    </ClCompile>
    <ClCompile Include="Amazon\MergeFiles\MergeFiles.cpp">
      <Filter>Amazon\MergeFiles</Filter>
    </ClCompile>
    <ClCompile Include="Amazon\WallsAndGates\TreasureIsland.cpp">
      <Filter>Amazon\TreasureIsland</Filter>
    </ClCompile>
  </ItemGroup>
  <ItemGroup>
    <ClInclude Include="Amazon\Zombies\Zombies.h">
      <Filter>Amazon\Zombies</Filter>
    </ClInclude>
    <ClInclude Include="Amazon\SearchSuggestion\Suggestion.h">
      <Filter>Amazon\SearchSuggestion</Filter>
    </ClInclude>
    <ClInclude Include="Amazon\Cities\Cities.h">
      <Filter>Amazon\Cities</Filter>
    </ClInclude>
    <ClInclude Include="Amazon\TwoSum\TwoSum.h">
      <Filter>Amazon\TwoSum</Filter>
    </ClInclude>
    <ClInclude Include="Amazon\MaxAverageSubtree\MaxAverageSubtree.h">
      <Filter>Amazon\MaxAverageSubtree</Filter>
    </ClInclude>
    <ClInclude Include="Amazon\RepairEdges\RepairEdges.h">
      <Filter>Amazon\RepairEdges</Filter>
    </ClInclude>
    <ClInclude Include="DataStructures\Graph\Graph.h">
      <Filter>DataStructures\Graph</Filter>
    </ClInclude>
    <ClInclude Include="DataStructures\Trie\Trie.h">
      <Filter>DataStructures\Trie</Filter>
    </ClInclude>
    <ClInclude Include="DataStructures\Tree\Tree.h">
      <Filter>DataStructures\Tree</Filter>
    </ClInclude>
    <ClInclude Include="Amazon\Spiral\Spiral.h">
      <Filter>Amazon\Spiral</Filter>
    </ClInclude>
    <ClInclude Include="Amazon\LongestPalindrome\LongestPalindrome.h">
      <Filter>Amazon\LongestPalindrome</Filter>
    </ClInclude>
    <ClInclude Include="Amazon\MaxMinPath\MaxMinPath.h">
      <Filter>Amazon\MaxMinPath</Filter>
    </ClInclude>
    <ClInclude Include="Amazon\Search2D\Search2D.h">
      <Filter>Amazon\Search2D</Filter>
    </ClInclude>
    <ClInclude Include="Amazon\TopBuzzwords\TopBuzzwords.h">
      <Filter>Amazon\TopBuzzwords</Filter>
    </ClInclude>
    <ClInclude Include="Amazon\KClosestOrigin\KClosestOrigin.h">
      <Filter>Amazon\KClosestOrigin</Filter>
    </ClInclude>
    <ClInclude Include="DataStructures\LinkedList\LinkedList.h">
      <Filter>DataStructures\LinkedList</Filter>
    </ClInclude>
    <ClInclude Include="Amazon\MergeLists\MergeLists.h">
      <Filter>Amazon\MergeLists</Filter>
    </ClInclude>
    <ClInclude Include="Amazon\CriticalConnections\CriticalConnections.h">
      <Filter>Amazon\CriticalConnections</Filter>
    </ClInclude>
    <ClInclude Include="Amazon\MergeFiles\MergeFiles.h">
      <Filter>Amazon\MergeFiles</Filter>
    </ClInclude>
    <ClInclude Include="Amazon\WallsAndGates\TreasureIsland.h">
      <Filter>Amazon\TreasureIsland</Filter>
    </ClInclude>
    <ClInclude Include="Amazon\Amazon.h">
      <Filter>Amazon</Filter>
    </ClInclude>
  </ItemGroup>
</Project>