<?xml version="1.0" encoding="utf-8"?>
<Project ToolsVersion="4.0" xmlns="http://schemas.microsoft.com/developer/msbuild/2003">
  <ItemGroup>
    <Filter Include="Source Files">
      <UniqueIdentifier>{4FC737F1-C7A5-4376-A066-2A32D752A2FF}</UniqueIdentifier>
      <Extensions>cpp;c;cc;cxx;def;odl;idl;hpj;bat;asm;asmx</Extensions>
    </Filter>
    <Filter Include="Amazon">
      <UniqueIdentifier>{3020e6b0-ffe7-459a-93e7-1d78827bb465}</UniqueIdentifier>
    </Filter>
    <Filter Include="Amazon\Zombies">
      <UniqueIdentifier>{af361a68-27ac-4c13-b209-7f79b3cd2a43}</UniqueIdentifier>
    </Filter>
    <Filter Include="Amazon\SearchSuggestion">
      <UniqueIdentifier>{c8282a17-49cd-4826-b4bf-355efd27ecab}</UniqueIdentifier>
    </Filter>
    <Filter Include="Amazon\Cities">
      <UniqueIdentifier>{97434e37-98a5-46b7-9429-fe6d5f2f1339}</UniqueIdentifier>
    </Filter>
    <Filter Include="Amazon\TwoSum">
      <UniqueIdentifier>{aa8b0273-c77d-4549-a080-ca57752d6d2d}</UniqueIdentifier>
    </Filter>
    <Filter Include="Amazon\MaxAverageSubtree">
      <UniqueIdentifier>{5b6e6c4f-e640-4740-be9b-7c82318de209}</UniqueIdentifier>
    </Filter>
    <Filter Include="Amazon\RepairEdges">
      <UniqueIdentifier>{76b52c26-6032-4ccd-80f2-260e66a0dedc}</UniqueIdentifier>
    </Filter>
    <Filter Include="DataStructures">
      <UniqueIdentifier>{9b9b2d0e-45f8-4c92-b46e-693014c7771d}</UniqueIdentifier>
    </Filter>
    <Filter Include="DataStructures\Graph">
      <UniqueIdentifier>{58371e4d-935e-4cc8-ad77-ae7b89683ea8}</UniqueIdentifier>
    </Filter>
    <Filter Include="DataStructures\Tree">
      <UniqueIdentifier>{6517d0cb-29b5-4f8f-bee1-dd2e13a2907d}</UniqueIdentifier>
    </Filter>
    <Filter Include="DataStructures\Trie">
      <UniqueIdentifier>{c2d23be5-67ca-433a-b8ac-3626d82678e5}</UniqueIdentifier>
    </Filter>
    <Filter Include="Amazon\Spiral">
      <UniqueIdentifier>{4520d0b1-e5da-48d6-9816-5b14457748d5}</UniqueIdentifier>
    </Filter>
    <Filter Include="Amazon\LongestPalindrome">
      <UniqueIdentifier>{dcac2da9-aca6-43e5-9cd8-585e2c201336}</UniqueIdentifier>
    </Filter>
    <Filter Include="Amazon\MaxMinPath">
      <UniqueIdentifier>{89d06095-e590-4ba0-a23a-53414e9f5e79}</UniqueIdentifier>
    </Filter>
    <Filter Include="Amazon\Search2D">
      <UniqueIdentifier>{914a6f42-391c-4b0c-b5f9-10ca6a430f7b}</UniqueIdentifier>
    </Filter>
    <Filter Include="Amazon\TopBuzzwords">
      <UniqueIdentifier>{0ef1de1e-32f5-4e70-bc36-dc5160dba4ea}</UniqueIdentifier>
    </Filter>
    <Filter Include="Amazon\KClosestOrigin">
      <UniqueIdentifier>{8f8efbb0-108b-4452-9e23-9e315f2535dc}</UniqueIdentifier>
    </Filter>
    <Filter Include="DataStructures\LinkedList">
      <UniqueIdentifier>{211c80a5-787d-498f-8183-f9a405ddca58}</UniqueIdentifier>
    </Filter>
    <Filter Include="Amazon\MergeLists">
      <UniqueIdentifier>{4b9ca354-ecd9-4978-b633-ac0a7f35946f}</UniqueIdentifier>
    </Filter>
    <Filter Include="Amazon\CriticalConnections">
      <UniqueIdentifier>{edd393b0-3c20-47c4-b709-ac0f04851e62}</UniqueIdentifier>
    </Filter>
    <Filter Include="Amazon\MergeFiles">
      <UniqueIdentifier>{4414b267-8acc-450a-889e-32ea78f3b4fd}</UniqueIdentifier>
    </Filter>
    <Filter Include="Amazon\TreasureIsland">
      <UniqueIdentifier>{26340da6-d535-4ea9-b2b5-429ea7da556f}</UniqueIdentifier>
    </Filter>
    <Filter Include="Amazon\NumberClusters">
      <UniqueIdentifier>{010ee9c7-5b43-4629-84ab-ee26422447b1}</UniqueIdentifier>
    </Filter>
    <Filter Include="Amazon\PairWithSum">
      <UniqueIdentifier>{b1d5e25d-b107-4c67-891b-29761004f1da}</UniqueIdentifier>
    </Filter>
    <Filter Include="Amazon\MergeIntervals">
      <UniqueIdentifier>{740c3f94-b9b3-418b-9d62-3c009d31327a}</UniqueIdentifier>
    </Filter>
    <Filter Include="Amazon\GenerateParentheses">
      <UniqueIdentifier>{66bf6017-13f7-4cb8-a653-3352fe473464}</UniqueIdentifier>
    </Filter>
    <Filter Include="Amazon\RearrangeKDistance">
      <UniqueIdentifier>{f16f9ca9-40fb-4971-b924-85d64572765c}</UniqueIdentifier>
    </Filter>
    <Filter Include="Amazon\ReorderData">
      <UniqueIdentifier>{70a52f75-9604-4fbb-8bee-15439d5117f2}</UniqueIdentifier>
    </Filter>
    <Filter Include="Amazon\KDistinctSubstrings">
      <UniqueIdentifier>{955ed6fa-9a75-4704-a545-2fca08b216ad}</UniqueIdentifier>
    </Filter>
    <Filter Include="Amazon\MostCommonWord">
      <UniqueIdentifier>{98bb5867-e685-4b96-853e-6890805fe3ac}</UniqueIdentifier>
    </Filter>
    <Filter Include="Amazon\PartitionLabels">
      <UniqueIdentifier>{1c29fb8d-4555-477a-b612-9f91d00a4a53}</UniqueIdentifier>
    </Filter>
    <Filter Include="General">
      <UniqueIdentifier>{a23a3b81-bb2a-47e1-86fd-f14290ea3925}</UniqueIdentifier>
    </Filter>
    <Filter Include="General\TimeBasedStore">
      <UniqueIdentifier>{196cc6cd-6b76-45fd-8fae-a3221d387678}</UniqueIdentifier>
    </Filter>
    <Filter Include="General\CourseSchedule">
      <UniqueIdentifier>{eb176391-5656-4d61-81e0-b01bce093c4a}</UniqueIdentifier>
    </Filter>
    <Filter Include="General\CourseScheduleII">
      <UniqueIdentifier>{1d08c762-c799-46a5-81fd-6fbd7582ff78}</UniqueIdentifier>
    </Filter>
    <Filter Include="General\CheapestFlights">
      <UniqueIdentifier>{163067ca-37ce-466a-b385-a16fba9b08b6}</UniqueIdentifier>
    </Filter>
    <Filter Include="Microsoft">
      <UniqueIdentifier>{3fd5ce3a-a7bb-41ec-bb1c-f1f547fe0747}</UniqueIdentifier>
    </Filter>
    <Filter Include="Microsoft\VisibleNodes">
      <UniqueIdentifier>{e6ba16d9-2342-414e-b215-121c1350a56c}</UniqueIdentifier>
    </Filter>
    <Filter Include="Google">
      <UniqueIdentifier>{1d10f061-fcc3-4489-98a3-c9d63e419ce2}</UniqueIdentifier>
    </Filter>
    <Filter Include="Google\OddEven">
      <UniqueIdentifier>{fc08d0a6-47e6-439f-9201-08452f16dd56}</UniqueIdentifier>
    </Filter>
    <Filter Include="Google\TypeTime">
      <UniqueIdentifier>{56859e57-e104-4daa-bb5d-527b1a926166}</UniqueIdentifier>
    </Filter>
    <Filter Include="Google\KClosestPoints">
      <UniqueIdentifier>{f034569b-0526-4395-9240-f7ba0df80ba8}</UniqueIdentifier>
    </Filter>
  </ItemGroup>
  <ItemGroup>
    <ClCompile Include="main.cpp">
      <Filter>Source Files</Filter>
    </ClCompile>
    <ClCompile Include="Amazon\Zombies\Zombies.cpp">
      <Filter>Amazon\Zombies</Filter>
    </ClCompile>
    <ClCompile Include="Amazon\SearchSuggestion\Suggestion.cpp">
      <Filter>Amazon\SearchSuggestion</Filter>
    </ClCompile>
    <ClCompile Include="Amazon\Cities\Cities.cpp">
      <Filter>Amazon\Cities</Filter>
    </ClCompile>
    <ClCompile Include="Amazon\TwoSum\TwoSum.cpp">
      <Filter>Amazon\TwoSum</Filter>
    </ClCompile>
    <ClCompile Include="Amazon\MaxAverageSubtree\MaxAverageSubtree.cpp">
      <Filter>Amazon\MaxAverageSubtree</Filter>
    </ClCompile>
    <ClCompile Include="Amazon\RepairEdges\RepairEdges.cpp">
      <Filter>Amazon\RepairEdges</Filter>
    </ClCompile>
    <ClCompile Include="DataStructures\Graph\Graph.cpp">
      <Filter>DataStructures\Graph</Filter>
    </ClCompile>
    <ClCompile Include="DataStructures\Trie\Trie.cpp">
      <Filter>DataStructures\Trie</Filter>
    </ClCompile>
    <ClCompile Include="DataStructures\Tree\Tree.cpp">
      <Filter>DataStructures\Tree</Filter>
    </ClCompile>
    <ClCompile Include="Amazon\Spiral\Spiral.cpp">
      <Filter>Amazon\Spiral</Filter>
    </ClCompile>
    <ClCompile Include="Amazon\LongestPalindrome\LongestPalindrome.cpp">
      <Filter>Amazon\LongestPalindrome</Filter>
    </ClCompile>
    <ClCompile Include="Amazon\MaxMinPath\MaxMinPath.cpp">
      <Filter>Amazon\MaxMinPath</Filter>
    </ClCompile>
    <ClCompile Include="Amazon\Search2D\Search2D.cpp">
      <Filter>Amazon\Search2D</Filter>
    </ClCompile>
    <ClCompile Include="Amazon\TopBuzzwords\TopBuzzwords.cpp">
      <Filter>Amazon\TopBuzzwords</Filter>
    </ClCompile>
    <ClCompile Include="Amazon\KClosestOrigin\KClosestOrigin.cpp">
      <Filter>Amazon\KClosestOrigin</Filter>
    </ClCompile>
    <ClCompile Include="DataStructures\LinkedList\LinkedList.cpp">
      <Filter>DataStructures\LinkedList</Filter>
    </ClCompile>
    <ClCompile Include="Amazon\MergeLists\MergeLists.cpp">
      <Filter>Amazon\MergeLists</Filter>
    </ClCompile>
    <ClCompile Include="Amazon\CriticalConnections\CriticalConnections.cpp">
      <Filter>Amazon\CriticalConnections</Filter>
    </ClCompile>
    <ClCompile Include="Amazon\MergeFiles\MergeFiles.cpp">
      <Filter>Amazon\MergeFiles</Filter>
    </ClCompile>
    <ClCompile Include="Amazon\WallsAndGates\TreasureIsland.cpp">
      <Filter>Amazon\TreasureIsland</Filter>
    </ClCompile>
    <ClCompile Include="Amazon\NumberClusters\NumberClusters.cpp">
      <Filter>Amazon\NumberClusters</Filter>
    </ClCompile>
    <ClCompile Include="Amazon\PairWithSum\PairWithSum.cpp">
      <Filter>Amazon\PairWithSum</Filter>
    </ClCompile>
    <ClCompile Include="Amazon\MergeIntervals\MergeIntervals.cpp">
      <Filter>Amazon\MergeIntervals</Filter>
    </ClCompile>
    <ClCompile Include="Amazon\RearrangeKDistance\RearrangeKDistance.cpp">
      <Filter>Amazon\RearrangeKDistance</Filter>
    </ClCompile>
    <ClCompile Include="Amazon\GenerateParentheses\GenerateParentheses.cpp">
      <Filter>Amazon\GenerateParentheses</Filter>
    </ClCompile>
    <ClCompile Include="Amazon\ReorderData\ReorderData.cpp">
      <Filter>Amazon\ReorderData</Filter>
    </ClCompile>
    <ClCompile Include="Amazon\KDistinctSubstrings\KDistinctSubstrings.cpp">
      <Filter>Amazon\KDistinctSubstrings</Filter>
    </ClCompile>
    <ClCompile Include="Amazon\MostCommonWord\MostCommonWord.cpp">
      <Filter>Amazon\MostCommonWord</Filter>
    </ClCompile>
    <ClCompile Include="Amazon\PartitionLabels\PartitionLabels.cpp">
      <Filter>Amazon\PartitionLabels</Filter>
    </ClCompile>
    <ClCompile Include="General\TimeBasedStore\TimeBasedStore.cpp">
      <Filter>General\TimeBasedStore</Filter>
    </ClCompile>
    <ClCompile Include="General\CourseSchedule\CourseSchedule.cpp">
      <Filter>General\CourseSchedule</Filter>
    </ClCompile>
    <ClCompile Include="General\CourseScheduleII\CourseScheduleII.cpp">
      <Filter>General\CourseScheduleII</Filter>
    </ClCompile>
    <ClCompile Include="General\CheapestFlights\CheapestFlights.cpp">
      <Filter>General\CheapestFlights</Filter>
    </ClCompile>
    <ClCompile Include="Microsoft\VisibileNodes\VisibileNodes.cpp">
      <Filter>Microsoft\VisibleNodes</Filter>
    </ClCompile>
    <ClCompile Include="Google\OddEven\OddEven.cpp">
      <Filter>Google\OddEven</Filter>
    </ClCompile>
    <ClCompile Include="Google\TypeTime\TypeTime.cpp">
      <Filter>Google\TypeTime</Filter>
    </ClCompile>
    <ClCompile Include="Google\KClosest\KClosestPoints.cpp">
      <Filter>Google\KClosestPoints</Filter>
    </ClCompile>
  </ItemGroup>
  <ItemGroup>
    <ClInclude Include="Amazon\Zombies\Zombies.h">
      <Filter>Amazon\Zombies</Filter>
    </ClInclude>
    <ClInclude Include="Amazon\SearchSuggestion\Suggestion.h">
      <Filter>Amazon\SearchSuggestion</Filter>
    </ClInclude>
    <ClInclude Include="Amazon\Cities\Cities.h">
      <Filter>Amazon\Cities</Filter>
    </ClInclude>
    <ClInclude Include="Amazon\TwoSum\TwoSum.h">
      <Filter>Amazon\TwoSum</Filter>
    </ClInclude>
    <ClInclude Include="Amazon\MaxAverageSubtree\MaxAverageSubtree.h">
      <Filter>Amazon\MaxAverageSubtree</Filter>
    </ClInclude>
    <ClInclude Include="Amazon\RepairEdges\RepairEdges.h">
      <Filter>Amazon\RepairEdges</Filter>
    </ClInclude>
    <ClInclude Include="DataStructures\Graph\Graph.h">
      <Filter>DataStructures\Graph</Filter>
    </ClInclude>
    <ClInclude Include="DataStructures\Trie\Trie.h">
      <Filter>DataStructures\Trie</Filter>
    </ClInclude>
    <ClInclude Include="DataStructures\Tree\Tree.h">
      <Filter>DataStructures\Tree</Filter>
    </ClInclude>
    <ClInclude Include="Amazon\Spiral\Spiral.h">
      <Filter>Amazon\Spiral</Filter>
    </ClInclude>
    <ClInclude Include="Amazon\LongestPalindrome\LongestPalindrome.h">
      <Filter>Amazon\LongestPalindrome</Filter>
    </ClInclude>
    <ClInclude Include="Amazon\MaxMinPath\MaxMinPath.h">
      <Filter>Amazon\MaxMinPath</Filter>
    </ClInclude>
    <ClInclude Include="Amazon\Search2D\Search2D.h">
      <Filter>Amazon\Search2D</Filter>
    </ClInclude>
    <ClInclude Include="Amazon\TopBuzzwords\TopBuzzwords.h">
      <Filter>Amazon\TopBuzzwords</Filter>
    </ClInclude>
    <ClInclude Include="Amazon\KClosestOrigin\KClosestOrigin.h">
      <Filter>Amazon\KClosestOrigin</Filter>
    </ClInclude>
    <ClInclude Include="DataStructures\LinkedList\LinkedList.h">
      <Filter>DataStructures\LinkedList</Filter>
    </ClInclude>
    <ClInclude Include="Amazon\MergeLists\MergeLists.h">
      <Filter>Amazon\MergeLists</Filter>
    </ClInclude>
    <ClInclude Include="Amazon\CriticalConnections\CriticalConnections.h">
      <Filter>Amazon\CriticalConnections</Filter>
    </ClInclude>
    <ClInclude Include="Amazon\MergeFiles\MergeFiles.h">
      <Filter>Amazon\MergeFiles</Filter>
    </ClInclude>
    <ClInclude Include="Amazon\WallsAndGates\TreasureIsland.h">
      <Filter>Amazon\TreasureIsland</Filter>
    </ClInclude>
    <ClInclude Include="Amazon\Amazon.h">
      <Filter>Amazon</Filter>
    </ClInclude>
    <ClInclude Include="Amazon\NumberClusters\NumberClusters.h">
      <Filter>Amazon\NumberClusters</Filter>
    </ClInclude>
    <ClInclude Include="Amazon\PairWithSum\PairWithSum.h">
      <Filter>Amazon\PairWithSum</Filter>
    </ClInclude>
    <ClInclude Include="Amazon\MergeIntervals\MergeIntervals.h">
      <Filter>Amazon\MergeIntervals</Filter>
    </ClInclude>
    <ClInclude Include="Amazon\RearrangeKDistance\RearrangeKDistance.h">
      <Filter>Amazon\RearrangeKDistance</Filter>
    </ClInclude>
    <ClInclude Include="Amazon\GenerateParentheses\GenerateParentheses.h">
      <Filter>Amazon\GenerateParentheses</Filter>
    </ClInclude>
    <ClInclude Include="Amazon\ReorderData\ReorderData.h">
      <Filter>Amazon\ReorderData</Filter>
    </ClInclude>
    <ClInclude Include="Amazon\KDistinctSubstrings\KDistinctSubstrings.h">
      <Filter>Amazon\KDistinctSubstrings</Filter>
    </ClInclude>
    <ClInclude Include="Amazon\MostCommonWord\MostCommonWord.h">
      <Filter>Amazon\MostCommonWord</Filter>
    </ClInclude>
    <ClInclude Include="Amazon\PartitionLabels\PartitionLabels.h">
      <Filter>Amazon\PartitionLabels</Filter>
    </ClInclude>
    <ClInclude Include="General\General.h">
      <Filter>General</Filter>
    </ClInclude>
    <ClInclude Include="General\TimeBasedStore\TimeBasedStore.h">
      <Filter>General\TimeBasedStore</Filter>
    </ClInclude>
    <ClInclude Include="General\CourseSchedule\CourseSchedule.h">
      <Filter>General\CourseSchedule</Filter>
    </ClInclude>
    <ClInclude Include="General\CourseScheduleII\CourseScheduleII.h">
      <Filter>General\CourseScheduleII</Filter>
    </ClInclude>
    <ClInclude Include="General\CheapestFlights\CheapestFlights.h">
      <Filter>General\CheapestFlights</Filter>
    </ClInclude>
    <ClInclude Include="Microsoft\VisibileNodes\VisibileNodes.h">
      <Filter>Microsoft\VisibleNodes</Filter>
    </ClInclude>
    <ClInclude Include="Microsoft\Microsoft.h">
      <Filter>Microsoft</Filter>
    </ClInclude>
    <ClInclude Include="Google\OddEven\OddEven.h">
      <Filter>Google\OddEven</Filter>
    </ClInclude>
    <ClInclude Include="Google\Google.h">
      <Filter>Google</Filter>
    </ClInclude>
    <ClInclude Include="Google\TypeTime\TypeTime.h">
      <Filter>Google\TypeTime</Filter>
    </ClInclude>
    <ClInclude Include="Google\KClosest\KClosestPoints.h">
      <Filter>Google\KClosestPoints</Filter>
    </ClInclude>
  </ItemGroup>
</Project>